{
  "name": "01_blog_23",
  "lockfileVersion": 2,
  "requires": true,
  "packages": {
    "": {
      "dependencies": {
        "@editorjs/editorjs": "^2.27.2"
      }
    },
    "node_modules/@editorjs/editorjs": {
      "version": "2.27.2",
      "resolved": "https://registry.npmjs.org/@editorjs/editorjs/-/editorjs-2.27.2.tgz",
      "integrity": "sha512-k4LavGJijAP0F1wATQ0fTo10xtBSny9z6yWaP3ANqqtyKr+pBMind5NQzckqYI0yPp31GObpcS/HsFGsFOGcug=="
    }
  },
  "dependencies": {
    "@editorjs/editorjs": {
      "version": "2.27.2",
      "resolved": "https://registry.npmjs.org/@editorjs/editorjs/-/editorjs-2.27.2.tgz",
      "integrity": "sha512-k4LavGJijAP0F1wATQ0fTo10xtBSny9z6yWaP3ANqqtyKr+pBMind5NQzckqYI0yPp31GObpcS/HsFGsFOGcug=="
    }
  }
}
